
Microsoft Visual Studio Solution File, Format Version 12.00
# Visual Studio Version 17
VisualStudioVersion = 17.4.33213.308
MinimumVisualStudioVersion = 10.0.40219.1
Project("{FAE04EC0-301F-11D3-BF4B-00C04F79EFBC}") = "challengeapp", "challengeapp\challengeapp.csproj", "{11114D6A-D0E7-45FC-BEFE-47C5E52C564F}"
EndProject
Project("{FAE04EC0-301F-11D3-BF4B-00C04F79EFBC}") = "challengeapp.tests", "challengeapp.tests\challengeapp.tests.csproj", "{C41EDE67-FB42-4B17-8238-B8D4D3AC9273}"
EndProject
Global
	GlobalSection(SolutionConfigurationPlatforms) = preSolution
		Debug|Any CPU = Debug|Any CPU
		Release|Any CPU = Release|Any CPU
	EndGlobalSection
	GlobalSection(ProjectConfigurationPlatforms) = postSolution
		{11114D6A-D0E7-45FC-BEFE-47C5E52C564F}.Debug|Any CPU.ActiveCfg = Debug|Any CPU
		{11114D6A-D0E7-45FC-BEFE-47C5E52C564F}.Debug|Any CPU.Build.0 = Debug|Any CPU
		{11114D6A-D0E7-45FC-BEFE-47C5E52C564F}.Release|Any CPU.ActiveCfg = Release|Any CPU
		{11114D6A-D0E7-45FC-BEFE-47C5E52C564F}.Release|Any CPU.Build.0 = Release|Any CPU
		{C41EDE67-FB42-4B17-8238-B8D4D3AC9273}.Debug|Any CPU.ActiveCfg = Debug|Any CPU
		{C41EDE67-FB42-4B17-8238-B8D4D3AC9273}.Debug|Any CPU.Build.0 = Debug|Any CPU
		{C41EDE67-FB42-4B17-8238-B8D4D3AC9273}.Release|Any CPU.ActiveCfg = Release|Any CPU
		{C41EDE67-FB42-4B17-8238-B8D4D3AC9273}.Release|Any CPU.Build.0 = Release|Any CPU
	EndGlobalSection
	GlobalSection(SolutionProperties) = preSolution
		HideSolutionNode = FALSE
	EndGlobalSection
	GlobalSection(ExtensibilityGlobals) = postSolution
		SolutionGuid = {28CEA39C-ADFB-44E4-B8F0-E8A7511FEEAC}
	EndGlobalSection
EndGlobal
